
Microsoft Visual Studio Solution File, Format Version 12.00
# Visual Studio 14
VisualStudioVersion = 14.0.24720.0
MinimumVisualStudioVersion = 10.0.40219.1
Project("{FAE04EC0-301F-11D3-BF4B-00C04F79EFBC}") = "MasterDevs.TestInsights", "MasterDevs.TestInsights\MasterDevs.TestInsights.csproj", "{6014D223-14DE-4DA4-AB6A-E609C4BBB122}"
EndProject
Global
	GlobalSection(SolutionConfigurationPlatforms) = preSolution
		Debug|Any CPU = Debug|Any CPU
		Release|Any CPU = Release|Any CPU
	EndGlobalSection
	GlobalSection(ProjectConfigurationPlatforms) = postSolution
		{6014D223-14DE-4DA4-AB6A-E609C4BBB122}.Debug|Any CPU.ActiveCfg = Debug|Any CPU
		{6014D223-14DE-4DA4-AB6A-E609C4BBB122}.Debug|Any CPU.Build.0 = Debug|Any CPU
		{6014D223-14DE-4DA4-AB6A-E609C4BBB122}.Release|Any CPU.ActiveCfg = Release|Any CPU
		{6014D223-14DE-4DA4-AB6A-E609C4BBB122}.Release|Any CPU.Build.0 = Release|Any CPU
	EndGlobalSection
	GlobalSection(SolutionProperties) = preSolution
		HideSolutionNode = FALSE
	EndGlobalSection
EndGlobal
